{
  "name": "discord-admin",
  "version": "1.0.0",
  "lockfileVersion": 3,
  "requires": true,
  "packages": {
    "": {
      "name": "discord-admin",
      "version": "1.0.0",
      "dependencies": {
        "discord-api-types": "^0.38.56"
      },
      "bin": {
        "discord-admin": "cli.js"
      },
      "engines": {
        "node": ">=22"
      }
    },
    "node_modules/discord-api-types": {
      "version": "0.38.56",
      "resolved": "https://registry.npmjs.org/discord-api-types/-/discord-api-types-0.38.56.tgz",
      "integrity": "sha512-Hti4RZsGvF5C7SM8rF2MDHtIm0Hyfrlk84GpEA29nj91tvVVMvX+oQSCodu10t2ZcjFGofq8TX0YyC04B2E69Q==",
      "license": "MIT"
    }
  }
}
